Microsoft Visual Studio Solution File, Format Version 11.00
# Visual Studio 2010
Project("{FAE04EC0-301F-11D3-BF4B-00C04F79EFBC}") = "Assembly-CSharp", "Assembly-CSharp.csproj", "{61EB9999-BB90-AF00-3EAE-F20AF7D9A5DA}"
EndProject
Project("{FAE04EC0-301F-11D3-BF4B-00C04F79EFBC}") = "Assembly-CSharp-Editor", "Assembly-CSharp-Editor.csproj", "{951FC3A6-DD5E-AED7-6181-1634AF4E1388}"
EndProject
Project("{FAE04EC0-301F-11D3-BF4B-00C04F79EFBC}") = "Assembly-CSharp-Editor-firstpass", "Assembly-CSharp-Editor-firstpass.csproj", "{801C0E12-4154-CFE6-E2E7-9F136C69B92B}"
EndProject
Global
	GlobalSection(SolutionConfigurationPlatforms) = preSolution
		Debug|Any CPU = Debug|Any CPU
		Release|Any CPU = Release|Any CPU
	EndGlobalSection
	GlobalSection(ProjectConfigurationPlatforms) = postSolution
		{61EB9999-BB90-AF00-3EAE-F20AF7D9A5DA}.Debug|Any CPU.ActiveCfg = Debug|Any CPU
		{61EB9999-BB90-AF00-3EAE-F20AF7D9A5DA}.Debug|Any CPU.Build.0 = Debug|Any CPU
		{61EB9999-BB90-AF00-3EAE-F20AF7D9A5DA}.Release|Any CPU.ActiveCfg = Release|Any CPU
		{61EB9999-BB90-AF00-3EAE-F20AF7D9A5DA}.Release|Any CPU.Build.0 = Release|Any CPU
		{951FC3A6-DD5E-AED7-6181-1634AF4E1388}.Debug|Any CPU.ActiveCfg = Debug|Any CPU
		{951FC3A6-DD5E-AED7-6181-1634AF4E1388}.Debug|Any CPU.Build.0 = Debug|Any CPU
		{951FC3A6-DD5E-AED7-6181-1634AF4E1388}.Release|Any CPU.ActiveCfg = Release|Any CPU
		{951FC3A6-DD5E-AED7-6181-1634AF4E1388}.Release|Any CPU.Build.0 = Release|Any CPU
		{801C0E12-4154-CFE6-E2E7-9F136C69B92B}.Debug|Any CPU.ActiveCfg = Debug|Any CPU
		{801C0E12-4154-CFE6-E2E7-9F136C69B92B}.Debug|Any CPU.Build.0 = Debug|Any CPU
		{801C0E12-4154-CFE6-E2E7-9F136C69B92B}.Release|Any CPU.ActiveCfg = Release|Any CPU
		{801C0E12-4154-CFE6-E2E7-9F136C69B92B}.Release|Any CPU.Build.0 = Release|Any CPU
	EndGlobalSection
	GlobalSection(SolutionProperties) = preSolution
		HideSolutionNode = FALSE
	EndGlobalSection
	GlobalSection(MonoDevelopProperties) = preSolution
		StartupItem = Assembly-CSharp.csproj
	EndGlobalSection
EndGlobal
